
Microsoft Visual Studio Solution File, Format Version 12.00
# Visual Studio Version 17
VisualStudioVersion = 17.11.35303.130
MinimumVisualStudioVersion = 10.0.40219.1
Project("{FAE04EC0-301F-11D3-BF4B-00C04F79EFBC}") = "UiLayoutApp", "UiLayoutApp\UiLayoutApp.csproj", "{38CED9F9-4E3B-457D-A472-DC3F4B3523EB}"
EndProject
Global
	GlobalSection(SolutionConfigurationPlatforms) = preSolution
		Debug|Any CPU = Debug|Any CPU
		Release|Any CPU = Release|Any CPU
	EndGlobalSection
	GlobalSection(ProjectConfigurationPlatforms) = postSolution
		{38CED9F9-4E3B-457D-A472-DC3F4B3523EB}.Debug|Any CPU.ActiveCfg = Debug|Any CPU
		{38CED9F9-4E3B-457D-A472-DC3F4B3523EB}.Debug|Any CPU.Build.0 = Debug|Any CPU
		{38CED9F9-4E3B-457D-A472-DC3F4B3523EB}.Debug|Any CPU.Deploy.0 = Debug|Any CPU
		{38CED9F9-4E3B-457D-A472-DC3F4B3523EB}.Release|Any CPU.ActiveCfg = Release|Any CPU
		{38CED9F9-4E3B-457D-A472-DC3F4B3523EB}.Release|Any CPU.Build.0 = Release|Any CPU
		{38CED9F9-4E3B-457D-A472-DC3F4B3523EB}.Release|Any CPU.Deploy.0 = Release|Any CPU
	EndGlobalSection
	GlobalSection(SolutionProperties) = preSolution
		HideSolutionNode = FALSE
	EndGlobalSection
	GlobalSection(ExtensibilityGlobals) = postSolution
		SolutionGuid = {07F8FF8B-0D25-4571-A481-779ECD74A18C}
	EndGlobalSection
EndGlobal
